{
  "requires": true,
  "lockfileVersion": 1,
  "dependencies": {
    "set-cookie-parser": {
      "version": "2.3.5",
      "resolved": "https://registry.npmjs.org/set-cookie-parser/-/set-cookie-parser-2.3.5.tgz",
      "integrity": "sha512-cN4GIBOE11PDqW1tXs4y9hQX68eOczUAQSrmB1ByNG3zH4hSOeBVtBe3lmEyjt8iy2F7JR17JLRwYLb1XncfuA=="
    },
    "weapp-cookie": {
      "version": "1.3.5",
      "resolved": "https://registry.npmjs.org/weapp-cookie/-/weapp-cookie-1.3.5.tgz",
      "integrity": "sha512-s/Q65NLTDWo6A/vQj1tDJZow+Z6NmA/eRRoie1L5DWToob7kbUJqAVaoNtxN6CHTfprjH3SNXgC9W8b80wXIWA==",
      "requires": {
        "set-cookie-parser": "^2.3.5"
      }
    }
  }
}
